
Microsoft Visual Studio Solution File, Format Version 12.00
# Visual Studio Version 17
VisualStudioVersion = 17.1.32414.318
MinimumVisualStudioVersion = 10.0.40219.1
Project("{9A19103F-16F7-4668-BE54-9A1E7A4F7556}") = "1.IntroducaoStack", "1.IntroducaoStack\1.IntroducaoStack.csproj", "{7C810CCD-7D25-4A6F-9B90-03214414DD2F}"
EndProject
Project("{9A19103F-16F7-4668-BE54-9A1E7A4F7556}") = "2.Fibonacci", "2.Fibonacci\2.Fibonacci.csproj", "{34A5FAD5-DBDC-40D7-9E75-B02F4EC02C80}"
EndProject
Project("{2150E333-8FDC-42A3-9474-1A3956D46DE8}") = "1.IntroducaoStackMemory", "1.IntroducaoStackMemory", "{04105C8E-86D3-43E6-892C-7757B9525138}"
EndProject
Project("{9A19103F-16F7-4668-BE54-9A1E7A4F7556}") = "3.AlocacaoHeap", "3.AlocacaoHeap\3.AlocacaoHeap.csproj", "{347933BA-9850-4250-A875-69E736F84C45}"
EndProject
Project("{2150E333-8FDC-42A3-9474-1A3956D46DE8}") = "StackOverflowException", "StackOverflowException", "{2D4459C1-C738-4CC3-9DDE-C8B80C018D79}"
EndProject
Project("{9A19103F-16F7-4668-BE54-9A1E7A4F7556}") = "StackOverflowException", "Exceptions\StackOverflowException\StackOverflowException.csproj", "{424E65C2-F88E-4E4E-AE9E-49DBC1A2B2CC}"
EndProject
Project("{2150E333-8FDC-42A3-9474-1A3956D46DE8}") = "EstruturaDeDados", "EstruturaDeDados", "{0E831858-B48A-48CE-8497-D910E7496690}"
EndProject
Project("{2150E333-8FDC-42A3-9474-1A3956D46DE8}") = "Exercicicos", "Exercicicos", "{E8EB80EB-503D-43B8-9359-C00A9902F49F}"
EndProject
Project("{9A19103F-16F7-4668-BE54-9A1E7A4F7556}") = "AnalisadorExpressoesStack", "EstruturaDeDados\Exercicios\AnalisadorExpressoesStack\AnalisadorExpressoesStack.csproj", "{511B7949-E346-4C95-AFD9-A6BCD7180B3A}"
EndProject
Project("{2150E333-8FDC-42A3-9474-1A3956D46DE8}") = "1.Stack", "1.Stack", "{F5300ECD-1BD6-4E96-921E-10BCF3A1876F}"
EndProject
Project("{2150E333-8FDC-42A3-9474-1A3956D46DE8}") = "2.Exception", "2.Exception", "{123D130A-72C4-4351-8F8D-B4096251B96D}"
EndProject
Project("{2150E333-8FDC-42A3-9474-1A3956D46DE8}") = "2.HeapMemory", "2.HeapMemory", "{00FAB3BD-B6A1-46B0-9398-313862940902}"
EndProject
Project("{9A19103F-16F7-4668-BE54-9A1E7A4F7556}") = "ValueTypes", "ValueTypes\ValueTypes.csproj", "{FD61B63F-F2AB-4E47-A954-05A212E99F3D}"
EndProject
Project("{9A19103F-16F7-4668-BE54-9A1E7A4F7556}") = "Structs", "Stack\Structs\Structs.csproj", "{C7E0AD73-AF43-41BA-B617-A1751406AFDD}"
EndProject
Project("{9A19103F-16F7-4668-BE54-9A1E7A4F7556}") = "Demos", "Demostracao\Demos\Demos.csproj", "{859F0706-FDC1-4E02-810F-C72E77685AE3}"
EndProject
Project("{9A19103F-16F7-4668-BE54-9A1E7A4F7556}") = "HidenAlocation", "HidenAlocation\HidenAlocation.csproj", "{63B568D7-33E3-45E5-825D-197AA6D15965}"
EndProject
Project("{9A19103F-16F7-4668-BE54-9A1E7A4F7556}") = "Construtores", "Construtores\Construtores.csproj", "{49ADCBD0-D952-43E1-9C00-813AC396D17C}"
EndProject
Project("{2150E333-8FDC-42A3-9474-1A3956D46DE8}") = "EF6", "EF6", "{AC4EA652-F9BE-4619-BB57-92CDFFA4BC9D}"
EndProject
Project("{FAE04EC0-301F-11D3-BF4B-00C04F79EFBC}") = "EntityEF6", "EF6\EntityEF6\EntityEF6.csproj", "{13A7951A-3B92-4450-B748-42F1DC20A962}"
EndProject
Global
	GlobalSection(SolutionConfigurationPlatforms) = preSolution
		Debug|Any CPU = Debug|Any CPU
		Release|Any CPU = Release|Any CPU
	EndGlobalSection
	GlobalSection(ProjectConfigurationPlatforms) = postSolution
		{7C810CCD-7D25-4A6F-9B90-03214414DD2F}.Debug|Any CPU.ActiveCfg = Debug|Any CPU
		{7C810CCD-7D25-4A6F-9B90-03214414DD2F}.Debug|Any CPU.Build.0 = Debug|Any CPU
		{7C810CCD-7D25-4A6F-9B90-03214414DD2F}.Release|Any CPU.ActiveCfg = Release|Any CPU
		{7C810CCD-7D25-4A6F-9B90-03214414DD2F}.Release|Any CPU.Build.0 = Release|Any CPU
		{34A5FAD5-DBDC-40D7-9E75-B02F4EC02C80}.Debug|Any CPU.ActiveCfg = Debug|Any CPU
		{34A5FAD5-DBDC-40D7-9E75-B02F4EC02C80}.Debug|Any CPU.Build.0 = Debug|Any CPU
		{34A5FAD5-DBDC-40D7-9E75-B02F4EC02C80}.Release|Any CPU.ActiveCfg = Release|Any CPU
		{34A5FAD5-DBDC-40D7-9E75-B02F4EC02C80}.Release|Any CPU.Build.0 = Release|Any CPU
		{347933BA-9850-4250-A875-69E736F84C45}.Debug|Any CPU.ActiveCfg = Debug|Any CPU
		{347933BA-9850-4250-A875-69E736F84C45}.Debug|Any CPU.Build.0 = Debug|Any CPU
		{347933BA-9850-4250-A875-69E736F84C45}.Release|Any CPU.ActiveCfg = Release|Any CPU
		{347933BA-9850-4250-A875-69E736F84C45}.Release|Any CPU.Build.0 = Release|Any CPU
		{424E65C2-F88E-4E4E-AE9E-49DBC1A2B2CC}.Debug|Any CPU.ActiveCfg = Debug|Any CPU
		{424E65C2-F88E-4E4E-AE9E-49DBC1A2B2CC}.Debug|Any CPU.Build.0 = Debug|Any CPU
		{424E65C2-F88E-4E4E-AE9E-49DBC1A2B2CC}.Release|Any CPU.ActiveCfg = Release|Any CPU
		{424E65C2-F88E-4E4E-AE9E-49DBC1A2B2CC}.Release|Any CPU.Build.0 = Release|Any CPU
		{511B7949-E346-4C95-AFD9-A6BCD7180B3A}.Debug|Any CPU.ActiveCfg = Debug|Any CPU
		{511B7949-E346-4C95-AFD9-A6BCD7180B3A}.Debug|Any CPU.Build.0 = Debug|Any CPU
		{511B7949-E346-4C95-AFD9-A6BCD7180B3A}.Release|Any CPU.ActiveCfg = Release|Any CPU
		{511B7949-E346-4C95-AFD9-A6BCD7180B3A}.Release|Any CPU.Build.0 = Release|Any CPU
		{FD61B63F-F2AB-4E47-A954-05A212E99F3D}.Debug|Any CPU.ActiveCfg = Debug|Any CPU
		{FD61B63F-F2AB-4E47-A954-05A212E99F3D}.Debug|Any CPU.Build.0 = Debug|Any CPU
		{FD61B63F-F2AB-4E47-A954-05A212E99F3D}.Release|Any CPU.ActiveCfg = Release|Any CPU
		{FD61B63F-F2AB-4E47-A954-05A212E99F3D}.Release|Any CPU.Build.0 = Release|Any CPU
		{C7E0AD73-AF43-41BA-B617-A1751406AFDD}.Debug|Any CPU.ActiveCfg = Debug|Any CPU
		{C7E0AD73-AF43-41BA-B617-A1751406AFDD}.Debug|Any CPU.Build.0 = Debug|Any CPU
		{C7E0AD73-AF43-41BA-B617-A1751406AFDD}.Release|Any CPU.ActiveCfg = Release|Any CPU
		{C7E0AD73-AF43-41BA-B617-A1751406AFDD}.Release|Any CPU.Build.0 = Release|Any CPU
		{859F0706-FDC1-4E02-810F-C72E77685AE3}.Debug|Any CPU.ActiveCfg = Debug|Any CPU
		{859F0706-FDC1-4E02-810F-C72E77685AE3}.Debug|Any CPU.Build.0 = Debug|Any CPU
		{859F0706-FDC1-4E02-810F-C72E77685AE3}.Release|Any CPU.ActiveCfg = Release|Any CPU
		{859F0706-FDC1-4E02-810F-C72E77685AE3}.Release|Any CPU.Build.0 = Release|Any CPU
		{63B568D7-33E3-45E5-825D-197AA6D15965}.Debug|Any CPU.ActiveCfg = Debug|Any CPU
		{63B568D7-33E3-45E5-825D-197AA6D15965}.Debug|Any CPU.Build.0 = Debug|Any CPU
		{63B568D7-33E3-45E5-825D-197AA6D15965}.Release|Any CPU.ActiveCfg = Release|Any CPU
		{63B568D7-33E3-45E5-825D-197AA6D15965}.Release|Any CPU.Build.0 = Release|Any CPU
		{49ADCBD0-D952-43E1-9C00-813AC396D17C}.Debug|Any CPU.ActiveCfg = Debug|Any CPU
		{49ADCBD0-D952-43E1-9C00-813AC396D17C}.Debug|Any CPU.Build.0 = Debug|Any CPU
		{49ADCBD0-D952-43E1-9C00-813AC396D17C}.Release|Any CPU.ActiveCfg = Release|Any CPU
		{49ADCBD0-D952-43E1-9C00-813AC396D17C}.Release|Any CPU.Build.0 = Release|Any CPU
		{13A7951A-3B92-4450-B748-42F1DC20A962}.Debug|Any CPU.ActiveCfg = Debug|Any CPU
		{13A7951A-3B92-4450-B748-42F1DC20A962}.Debug|Any CPU.Build.0 = Debug|Any CPU
		{13A7951A-3B92-4450-B748-42F1DC20A962}.Release|Any CPU.ActiveCfg = Release|Any CPU
		{13A7951A-3B92-4450-B748-42F1DC20A962}.Release|Any CPU.Build.0 = Release|Any CPU
	EndGlobalSection
	GlobalSection(SolutionProperties) = preSolution
		HideSolutionNode = FALSE
	EndGlobalSection
	GlobalSection(NestedProjects) = preSolution
		{7C810CCD-7D25-4A6F-9B90-03214414DD2F} = {F5300ECD-1BD6-4E96-921E-10BCF3A1876F}
		{34A5FAD5-DBDC-40D7-9E75-B02F4EC02C80} = {F5300ECD-1BD6-4E96-921E-10BCF3A1876F}
		{347933BA-9850-4250-A875-69E736F84C45} = {00FAB3BD-B6A1-46B0-9398-313862940902}
		{2D4459C1-C738-4CC3-9DDE-C8B80C018D79} = {123D130A-72C4-4351-8F8D-B4096251B96D}
		{424E65C2-F88E-4E4E-AE9E-49DBC1A2B2CC} = {2D4459C1-C738-4CC3-9DDE-C8B80C018D79}
		{E8EB80EB-503D-43B8-9359-C00A9902F49F} = {0E831858-B48A-48CE-8497-D910E7496690}
		{511B7949-E346-4C95-AFD9-A6BCD7180B3A} = {E8EB80EB-503D-43B8-9359-C00A9902F49F}
		{F5300ECD-1BD6-4E96-921E-10BCF3A1876F} = {04105C8E-86D3-43E6-892C-7757B9525138}
		{123D130A-72C4-4351-8F8D-B4096251B96D} = {F5300ECD-1BD6-4E96-921E-10BCF3A1876F}
		{FD61B63F-F2AB-4E47-A954-05A212E99F3D} = {F5300ECD-1BD6-4E96-921E-10BCF3A1876F}
		{C7E0AD73-AF43-41BA-B617-A1751406AFDD} = {F5300ECD-1BD6-4E96-921E-10BCF3A1876F}
		{63B568D7-33E3-45E5-825D-197AA6D15965} = {00FAB3BD-B6A1-46B0-9398-313862940902}
		{49ADCBD0-D952-43E1-9C00-813AC396D17C} = {00FAB3BD-B6A1-46B0-9398-313862940902}
		{13A7951A-3B92-4450-B748-42F1DC20A962} = {AC4EA652-F9BE-4619-BB57-92CDFFA4BC9D}
	EndGlobalSection
	GlobalSection(ExtensibilityGlobals) = postSolution
		SolutionGuid = {465AACCA-3A83-42E7-80EE-A5756D57389D}
	EndGlobalSection
EndGlobal
